
Microsoft Visual Studio Solution File, Format Version 12.00
# Visual Studio Version 16
VisualStudioVersion = 16.0.30621.155
MinimumVisualStudioVersion = 10.0.40219.1
Project("{FAE04EC0-301F-11D3-BF4B-00C04F79EFBC}") = "task9", "task9\task9.csproj", "{D2EA5B8E-40A3-483F-AD50-3EC0FE9FF600}"
EndProject
Global
	GlobalSection(SolutionConfigurationPlatforms) = preSolution
		Debug|Any CPU = Debug|Any CPU
		Release|Any CPU = Release|Any CPU
	EndGlobalSection
	GlobalSection(ProjectConfigurationPlatforms) = postSolution
		{D2EA5B8E-40A3-483F-AD50-3EC0FE9FF600}.Debug|Any CPU.ActiveCfg = Debug|Any CPU
		{D2EA5B8E-40A3-483F-AD50-3EC0FE9FF600}.Debug|Any CPU.Build.0 = Debug|Any CPU
		{D2EA5B8E-40A3-483F-AD50-3EC0FE9FF600}.Release|Any CPU.ActiveCfg = Release|Any CPU
		{D2EA5B8E-40A3-483F-AD50-3EC0FE9FF600}.Release|Any CPU.Build.0 = Release|Any CPU
	EndGlobalSection
	GlobalSection(SolutionProperties) = preSolution
		HideSolutionNode = FALSE
	EndGlobalSection
	GlobalSection(ExtensibilityGlobals) = postSolution
		SolutionGuid = {EF39235C-905D-4375-A261-58AC915DB77A}
	EndGlobalSection
EndGlobal
