
Microsoft Visual Studio Solution File, Format Version 12.00
# Visual Studio Version 16
VisualStudioVersion = 16.0.30621.155
MinimumVisualStudioVersion = 10.0.40219.1
Project("{FAE04EC0-301F-11D3-BF4B-00C04F79EFBC}") = "ClassLibrary", "ClassLibrary\ClassLibrary.csproj", "{6D497EA0-76B1-48E3-8B32-720E9BA64F96}"
EndProject
Project("{FAE04EC0-301F-11D3-BF4B-00C04F79EFBC}") = "UnitTestProject1", "UnitTestProject1\UnitTestProject1.csproj", "{6A47567B-197E-4D43-B748-A37716144D06}"
	ProjectSection(ProjectDependencies) = postProject
		{6D497EA0-76B1-48E3-8B32-720E9BA64F96} = {6D497EA0-76B1-48E3-8B32-720E9BA64F96}
	EndProjectSection
EndProject
Global
	GlobalSection(SolutionConfigurationPlatforms) = preSolution
		Debug|Any CPU = Debug|Any CPU
		Release|Any CPU = Release|Any CPU
	EndGlobalSection
	GlobalSection(ProjectConfigurationPlatforms) = postSolution
		{6D497EA0-76B1-48E3-8B32-720E9BA64F96}.Debug|Any CPU.ActiveCfg = Debug|Any CPU
		{6D497EA0-76B1-48E3-8B32-720E9BA64F96}.Debug|Any CPU.Build.0 = Debug|Any CPU
		{6D497EA0-76B1-48E3-8B32-720E9BA64F96}.Release|Any CPU.ActiveCfg = Release|Any CPU
		{6D497EA0-76B1-48E3-8B32-720E9BA64F96}.Release|Any CPU.Build.0 = Release|Any CPU
		{6A47567B-197E-4D43-B748-A37716144D06}.Debug|Any CPU.ActiveCfg = Debug|Any CPU
		{6A47567B-197E-4D43-B748-A37716144D06}.Debug|Any CPU.Build.0 = Debug|Any CPU
		{6A47567B-197E-4D43-B748-A37716144D06}.Release|Any CPU.ActiveCfg = Release|Any CPU
		{6A47567B-197E-4D43-B748-A37716144D06}.Release|Any CPU.Build.0 = Release|Any CPU
	EndGlobalSection
	GlobalSection(SolutionProperties) = preSolution
		HideSolutionNode = FALSE
	EndGlobalSection
	GlobalSection(ExtensibilityGlobals) = postSolution
		SolutionGuid = {F1E49953-64CA-474F-8B45-A3EE681EEEAC}
	EndGlobalSection
EndGlobal
