
Microsoft Visual Studio Solution File, Format Version 12.00
# Visual Studio Version 16
VisualStudioVersion = 16.0.30621.155
MinimumVisualStudioVersion = 10.0.40219.1
Project("{FAE04EC0-301F-11D3-BF4B-00C04F79EFBC}") = "8.1", "8.1\8.1.csproj", "{770B924A-30DF-4D9B-BA7A-DC5A895EC6DB}"
EndProject
Global
	GlobalSection(SolutionConfigurationPlatforms) = preSolution
		Debug|Any CPU = Debug|Any CPU
		Release|Any CPU = Release|Any CPU
	EndGlobalSection
	GlobalSection(ProjectConfigurationPlatforms) = postSolution
		{770B924A-30DF-4D9B-BA7A-DC5A895EC6DB}.Debug|Any CPU.ActiveCfg = Debug|Any CPU
		{770B924A-30DF-4D9B-BA7A-DC5A895EC6DB}.Debug|Any CPU.Build.0 = Debug|Any CPU
		{770B924A-30DF-4D9B-BA7A-DC5A895EC6DB}.Release|Any CPU.ActiveCfg = Release|Any CPU
		{770B924A-30DF-4D9B-BA7A-DC5A895EC6DB}.Release|Any CPU.Build.0 = Release|Any CPU
	EndGlobalSection
	GlobalSection(SolutionProperties) = preSolution
		HideSolutionNode = FALSE
	EndGlobalSection
	GlobalSection(ExtensibilityGlobals) = postSolution
		SolutionGuid = {C23960EC-7645-4E29-AE90-1BE41D024432}
	EndGlobalSection
EndGlobal
