
Microsoft Visual Studio Solution File, Format Version 12.00
# Visual Studio Version 16
VisualStudioVersion = 16.0.30621.155
MinimumVisualStudioVersion = 10.0.40219.1
Project("{FAE04EC0-301F-11D3-BF4B-00C04F79EFBC}") = "Task_10", "Task_10\Task_10.csproj", "{2C1D8E16-4B36-4EAB-B1AD-5C1871D0B570}"
EndProject
Global
	GlobalSection(SolutionConfigurationPlatforms) = preSolution
		Debug|Any CPU = Debug|Any CPU
		Release|Any CPU = Release|Any CPU
	EndGlobalSection
	GlobalSection(ProjectConfigurationPlatforms) = postSolution
		{2C1D8E16-4B36-4EAB-B1AD-5C1871D0B570}.Debug|Any CPU.ActiveCfg = Debug|Any CPU
		{2C1D8E16-4B36-4EAB-B1AD-5C1871D0B570}.Debug|Any CPU.Build.0 = Debug|Any CPU
		{2C1D8E16-4B36-4EAB-B1AD-5C1871D0B570}.Release|Any CPU.ActiveCfg = Release|Any CPU
		{2C1D8E16-4B36-4EAB-B1AD-5C1871D0B570}.Release|Any CPU.Build.0 = Release|Any CPU
	EndGlobalSection
	GlobalSection(SolutionProperties) = preSolution
		HideSolutionNode = FALSE
	EndGlobalSection
	GlobalSection(ExtensibilityGlobals) = postSolution
		SolutionGuid = {54642938-FCD7-498B-8668-6AF11AABE9D3}
	EndGlobalSection
EndGlobal
