
Microsoft Visual Studio Solution File, Format Version 12.00
# Visual Studio Version 16
VisualStudioVersion = 16.0.30621.155
MinimumVisualStudioVersion = 10.0.40219.1
Project("{FAE04EC0-301F-11D3-BF4B-00C04F79EFBC}") = "task10", "task10\task10.csproj", "{B727E06F-558D-4072-BF0A-D74235F6DE32}"
EndProject
Global
	GlobalSection(SolutionConfigurationPlatforms) = preSolution
		Debug|Any CPU = Debug|Any CPU
		Release|Any CPU = Release|Any CPU
	EndGlobalSection
	GlobalSection(ProjectConfigurationPlatforms) = postSolution
		{B727E06F-558D-4072-BF0A-D74235F6DE32}.Debug|Any CPU.ActiveCfg = Debug|Any CPU
		{B727E06F-558D-4072-BF0A-D74235F6DE32}.Debug|Any CPU.Build.0 = Debug|Any CPU
		{B727E06F-558D-4072-BF0A-D74235F6DE32}.Release|Any CPU.ActiveCfg = Release|Any CPU
		{B727E06F-558D-4072-BF0A-D74235F6DE32}.Release|Any CPU.Build.0 = Release|Any CPU
	EndGlobalSection
	GlobalSection(SolutionProperties) = preSolution
		HideSolutionNode = FALSE
	EndGlobalSection
	GlobalSection(ExtensibilityGlobals) = postSolution
		SolutionGuid = {0BB4EA7E-D2D6-4E9E-87E5-677064F78DE1}
	EndGlobalSection
EndGlobal
