
Microsoft Visual Studio Solution File, Format Version 12.00
# Visual Studio Version 16
VisualStudioVersion = 16.0.30621.155
MinimumVisualStudioVersion = 10.0.40219.1
Project("{FAE04EC0-301F-11D3-BF4B-00C04F79EFBC}") = "exam1", "exam1\exam1.csproj", "{F7F44660-F691-4E62-97BE-E8F0D831A5C2}"
EndProject
Global
	GlobalSection(SolutionConfigurationPlatforms) = preSolution
		Debug|Any CPU = Debug|Any CPU
		Release|Any CPU = Release|Any CPU
	EndGlobalSection
	GlobalSection(ProjectConfigurationPlatforms) = postSolution
		{F7F44660-F691-4E62-97BE-E8F0D831A5C2}.Debug|Any CPU.ActiveCfg = Debug|Any CPU
		{F7F44660-F691-4E62-97BE-E8F0D831A5C2}.Debug|Any CPU.Build.0 = Debug|Any CPU
		{F7F44660-F691-4E62-97BE-E8F0D831A5C2}.Release|Any CPU.ActiveCfg = Release|Any CPU
		{F7F44660-F691-4E62-97BE-E8F0D831A5C2}.Release|Any CPU.Build.0 = Release|Any CPU
	EndGlobalSection
	GlobalSection(SolutionProperties) = preSolution
		HideSolutionNode = FALSE
	EndGlobalSection
	GlobalSection(ExtensibilityGlobals) = postSolution
		SolutionGuid = {51558CF1-D89E-4F45-BA39-FC4683F97F1D}
	EndGlobalSection
EndGlobal
