
Microsoft Visual Studio Solution File, Format Version 12.00
# Visual Studio Version 16
VisualStudioVersion = 16.0.30621.155
MinimumVisualStudioVersion = 10.0.40219.1
Project("{FAE04EC0-301F-11D3-BF4B-00C04F79EFBC}") = "task6.2", "task6.2\task6.2.csproj", "{D068A409-5613-4CE4-85DC-34B984A0B146}"
EndProject
Global
	GlobalSection(SolutionConfigurationPlatforms) = preSolution
		Debug|Any CPU = Debug|Any CPU
		Release|Any CPU = Release|Any CPU
	EndGlobalSection
	GlobalSection(ProjectConfigurationPlatforms) = postSolution
		{D068A409-5613-4CE4-85DC-34B984A0B146}.Debug|Any CPU.ActiveCfg = Debug|Any CPU
		{D068A409-5613-4CE4-85DC-34B984A0B146}.Debug|Any CPU.Build.0 = Debug|Any CPU
		{D068A409-5613-4CE4-85DC-34B984A0B146}.Release|Any CPU.ActiveCfg = Release|Any CPU
		{D068A409-5613-4CE4-85DC-34B984A0B146}.Release|Any CPU.Build.0 = Release|Any CPU
	EndGlobalSection
	GlobalSection(SolutionProperties) = preSolution
		HideSolutionNode = FALSE
	EndGlobalSection
	GlobalSection(ExtensibilityGlobals) = postSolution
		SolutionGuid = {2411F2E8-7741-46DC-8AF0-0DC72E48FE7E}
	EndGlobalSection
EndGlobal
