
Microsoft Visual Studio Solution File, Format Version 12.00
# Visual Studio Version 16
VisualStudioVersion = 16.0.30621.155
MinimumVisualStudioVersion = 10.0.40219.1
Project("{FAE04EC0-301F-11D3-BF4B-00C04F79EFBC}") = "task6_2", "task6_2\task6_2.csproj", "{7838AE39-EEF8-48AF-AFA5-163DC535CFBF}"
EndProject
Global
	GlobalSection(SolutionConfigurationPlatforms) = preSolution
		Debug|Any CPU = Debug|Any CPU
		Release|Any CPU = Release|Any CPU
	EndGlobalSection
	GlobalSection(ProjectConfigurationPlatforms) = postSolution
		{7838AE39-EEF8-48AF-AFA5-163DC535CFBF}.Debug|Any CPU.ActiveCfg = Debug|Any CPU
		{7838AE39-EEF8-48AF-AFA5-163DC535CFBF}.Debug|Any CPU.Build.0 = Debug|Any CPU
		{7838AE39-EEF8-48AF-AFA5-163DC535CFBF}.Release|Any CPU.ActiveCfg = Release|Any CPU
		{7838AE39-EEF8-48AF-AFA5-163DC535CFBF}.Release|Any CPU.Build.0 = Release|Any CPU
	EndGlobalSection
	GlobalSection(SolutionProperties) = preSolution
		HideSolutionNode = FALSE
	EndGlobalSection
	GlobalSection(ExtensibilityGlobals) = postSolution
		SolutionGuid = {9CDFB169-43B5-41E7-85D9-F594320E5CEF}
	EndGlobalSection
EndGlobal
